
Microsoft Visual Studio Solution File, Format Version 12.00
# Visual Studio Version 17
VisualStudioVersion = 17.14.36025.13
MinimumVisualStudioVersion = 10.0.40219.1
Project("{9A19103F-16F7-4668-BE54-9A1E7A4F7556}") = "SignalARRR.Common", "SignalARRR.Common\SignalARRR.Common.csproj", "{97D76F32-A521-4792-A719-D21FFE1F7CDB}"
EndProject
Project("{9A19103F-16F7-4668-BE54-9A1E7A4F7556}") = "SignalARRR.Server", "SignalARRR.Server\SignalARRR.Server.csproj", "{49BDDE9C-6094-41FA-B640-A9B8C3FCF637}"
EndProject
Project("{9A19103F-16F7-4668-BE54-9A1E7A4F7556}") = "SignalARRR.Client", "SignalARRR.Client\SignalARRR.Client.csproj", "{8F1B1E04-1513-4D98-A112-68BA96D0733E}"
EndProject
Project("{9A19103F-16F7-4668-BE54-9A1E7A4F7556}") = "SignalARRR.ProxyGenerator", "SignalARRR.ProxyGenerator\SignalARRR.ProxyGenerator.csproj", "{C4E06895-A4D0-467C-B8C7-62EA2D6E2B91}"
EndProject
Project("{9A19103F-16F7-4668-BE54-9A1E7A4F7556}") = "SignalARRR.Tests", "tests\SignalARRR.Tests\SignalARRR.Tests.csproj", "{20BAE22B-B5A5-4AA3-AF36-D103071C1995}"
EndProject
Project("{9A19103F-16F7-4668-BE54-9A1E7A4F7556}") = "SignalARRR.Tests.SharedModels", "tests\SignalARRR.Tests.SharedModels\SignalARRR.Tests.SharedModels.csproj", "{E1B36A7A-F0CE-494A-98D9-314611F2F3A7}"
EndProject
Project("{2150E333-8FDC-42A3-9474-1A3956D46DE8}") = "Solution Items", "Solution Items", "{8EC462FD-D22E-90A8-E5CE-7E832BA40C5D}"
	ProjectSection(SolutionItems) = preProject
		Directory.Build.props = Directory.Build.props
		Directory.Packages.props = Directory.Packages.props
	EndProjectSection
EndProject
Global
	GlobalSection(SolutionConfigurationPlatforms) = preSolution
		Debug|Any CPU = Debug|Any CPU
		Release|Any CPU = Release|Any CPU
	EndGlobalSection
	GlobalSection(ProjectConfigurationPlatforms) = postSolution
		{97D76F32-A521-4792-A719-D21FFE1F7CDB}.Debug|Any CPU.ActiveCfg = Debug|Any CPU
		{97D76F32-A521-4792-A719-D21FFE1F7CDB}.Debug|Any CPU.Build.0 = Debug|Any CPU
		{97D76F32-A521-4792-A719-D21FFE1F7CDB}.Release|Any CPU.ActiveCfg = Release|Any CPU
		{97D76F32-A521-4792-A719-D21FFE1F7CDB}.Release|Any CPU.Build.0 = Release|Any CPU
		{49BDDE9C-6094-41FA-B640-A9B8C3FCF637}.Debug|Any CPU.ActiveCfg = Debug|Any CPU
		{49BDDE9C-6094-41FA-B640-A9B8C3FCF637}.Debug|Any CPU.Build.0 = Debug|Any CPU
		{49BDDE9C-6094-41FA-B640-A9B8C3FCF637}.Release|Any CPU.ActiveCfg = Release|Any CPU
		{49BDDE9C-6094-41FA-B640-A9B8C3FCF637}.Release|Any CPU.Build.0 = Release|Any CPU
		{8F1B1E04-1513-4D98-A112-68BA96D0733E}.Debug|Any CPU.ActiveCfg = Debug|Any CPU
		{8F1B1E04-1513-4D98-A112-68BA96D0733E}.Debug|Any CPU.Build.0 = Debug|Any CPU
		{8F1B1E04-1513-4D98-A112-68BA96D0733E}.Release|Any CPU.ActiveCfg = Release|Any CPU
		{8F1B1E04-1513-4D98-A112-68BA96D0733E}.Release|Any CPU.Build.0 = Release|Any CPU
		{C4E06895-A4D0-467C-B8C7-62EA2D6E2B91}.Debug|Any CPU.ActiveCfg = Debug|Any CPU
		{C4E06895-A4D0-467C-B8C7-62EA2D6E2B91}.Debug|Any CPU.Build.0 = Debug|Any CPU
		{C4E06895-A4D0-467C-B8C7-62EA2D6E2B91}.Release|Any CPU.ActiveCfg = Release|Any CPU
		{C4E06895-A4D0-467C-B8C7-62EA2D6E2B91}.Release|Any CPU.Build.0 = Release|Any CPU
		{20BAE22B-B5A5-4AA3-AF36-D103071C1995}.Debug|Any CPU.ActiveCfg = Debug|Any CPU
		{20BAE22B-B5A5-4AA3-AF36-D103071C1995}.Debug|Any CPU.Build.0 = Debug|Any CPU
		{20BAE22B-B5A5-4AA3-AF36-D103071C1995}.Release|Any CPU.ActiveCfg = Release|Any CPU
		{20BAE22B-B5A5-4AA3-AF36-D103071C1995}.Release|Any CPU.Build.0 = Release|Any CPU
		{E1B36A7A-F0CE-494A-98D9-314611F2F3A7}.Debug|Any CPU.ActiveCfg = Debug|Any CPU
		{E1B36A7A-F0CE-494A-98D9-314611F2F3A7}.Debug|Any CPU.Build.0 = Debug|Any CPU
		{E1B36A7A-F0CE-494A-98D9-314611F2F3A7}.Release|Any CPU.ActiveCfg = Release|Any CPU
		{E1B36A7A-F0CE-494A-98D9-314611F2F3A7}.Release|Any CPU.Build.0 = Release|Any CPU
	EndGlobalSection
	GlobalSection(SolutionProperties) = preSolution
		HideSolutionNode = FALSE
	EndGlobalSection
	GlobalSection(ExtensibilityGlobals) = postSolution
		SolutionGuid = {6EF6208D-F57D-4998-BA18-FAF639A98931}
	EndGlobalSection
EndGlobal
